
Microsoft Visual Studio Solution File, Format Version 12.00
Project("{8BC9CEB8-8B4A-11D0-8D11-00A0C91BC942}") = "This_Is_War_Exercises", "This_Is_War_Exercises\This_Is_War_Exercises.vcxproj", "{668846A8-A89A-4515-9B38-1A84BC39005E}"
EndProject
Project("{8BC9CEB8-8B4A-11D0-8D11-00A0C91BC942}") = "Random_Exercise_1", "Random_Exercise_1\Random_Exercise_1.vcxproj", "{E85D89F0-05BA-4F13-BC2E-977826AADC00}"
EndProject
Project("{8BC9CEB8-8B4A-11D0-8D11-00A0C91BC942}") = "PrintNumbers", "PrintNumbers\PrintNumbers.vcxproj", "{CC7FBD97-FD4B-459F-8C7F-3587E5B0F903}"
EndProject
Project("{8BC9CEB8-8B4A-11D0-8D11-00A0C91BC942}") = "NumberArray", "NumberArray\NumberArray.vcxproj", "{9C7E8F73-8843-4342-893D-9E8FD495EB3A}"
EndProject
Project("{8BC9CEB8-8B4A-11D0-8D11-00A0C91BC942}") = "Constructor", "Constructor\Constructor.vcxproj", "{C9E12F7B-0257-48D7-B467-CDE69054BD9D}"
EndProject
Project("{8BC9CEB8-8B4A-11D0-8D11-00A0C91BC942}") = "Exercises-Arrays", "Exercises-Arrays\Exercises-Arrays.vcxproj", "{44DC97B3-8412-435B-9A4D-94EE1D8F4DAE}"
EndProject
Project("{8BC9CEB8-8B4A-11D0-8D11-00A0C91BC942}") = "Exercises-Functions", "Exercises-Functions\Exercises-Functions.vcxproj", "{F6AA7642-7315-4DF8-A1A7-6FB3F63DFD01}"
EndProject
Project("{8BC9CEB8-8B4A-11D0-8D11-00A0C91BC942}") = "Maths-Exercises", "Maths-Exercises\Maths-Exercises.vcxproj", "{58D5D2A3-9325-4C90-8BDC-B8EA4D98BE09}"
EndProject
Project("{8BC9CEB8-8B4A-11D0-8D11-00A0C91BC942}") = "Exercises_Pointers", "Exercises_Pointers\Exercises_Pointers.vcxproj", "{1DD97052-AF85-4507-AE0F-EAC5D941797D}"
EndProject
Global
	GlobalSection(SolutionConfigurationPlatforms) = preSolution
		Debug|Win32 = Debug|Win32
		Debug|x64 = Debug|x64
		Release|Win32 = Release|Win32
		Release|x64 = Release|x64
	EndGlobalSection
	GlobalSection(ProjectConfigurationPlatforms) = postSolution
		{668846A8-A89A-4515-9B38-1A84BC39005E}.Debug|Win32.ActiveCfg = Debug|Win32
		{668846A8-A89A-4515-9B38-1A84BC39005E}.Debug|Win32.Build.0 = Debug|Win32
		{668846A8-A89A-4515-9B38-1A84BC39005E}.Debug|x64.ActiveCfg = Debug|x64
		{668846A8-A89A-4515-9B38-1A84BC39005E}.Debug|x64.Build.0 = Debug|x64
		{668846A8-A89A-4515-9B38-1A84BC39005E}.Release|Win32.ActiveCfg = Release|Win32
		{668846A8-A89A-4515-9B38-1A84BC39005E}.Release|Win32.Build.0 = Release|Win32
		{668846A8-A89A-4515-9B38-1A84BC39005E}.Release|x64.ActiveCfg = Release|x64
		{668846A8-A89A-4515-9B38-1A84BC39005E}.Release|x64.Build.0 = Release|x64
		{E85D89F0-05BA-4F13-BC2E-977826AADC00}.Debug|Win32.ActiveCfg = Debug|Win32
		{E85D89F0-05BA-4F13-BC2E-977826AADC00}.Debug|Win32.Build.0 = Debug|Win32
		{E85D89F0-05BA-4F13-BC2E-977826AADC00}.Debug|x64.ActiveCfg = Debug|x64
		{E85D89F0-05BA-4F13-BC2E-977826AADC00}.Debug|x64.Build.0 = Debug|x64
		{E85D89F0-05BA-4F13-BC2E-977826AADC00}.Release|Win32.ActiveCfg = Release|Win32
		{E85D89F0-05BA-4F13-BC2E-977826AADC00}.Release|Win32.Build.0 = Release|Win32
		{E85D89F0-05BA-4F13-BC2E-977826AADC00}.Release|x64.ActiveCfg = Release|x64
		{E85D89F0-05BA-4F13-BC2E-977826AADC00}.Release|x64.Build.0 = Release|x64
		{CC7FBD97-FD4B-459F-8C7F-3587E5B0F903}.Debug|Win32.ActiveCfg = Debug|Win32
		{CC7FBD97-FD4B-459F-8C7F-3587E5B0F903}.Debug|Win32.Build.0 = Debug|Win32
		{CC7FBD97-FD4B-459F-8C7F-3587E5B0F903}.Debug|x64.ActiveCfg = Debug|x64
		{CC7FBD97-FD4B-459F-8C7F-3587E5B0F903}.Debug|x64.Build.0 = Debug|x64
		{CC7FBD97-FD4B-459F-8C7F-3587E5B0F903}.Release|Win32.ActiveCfg = Release|Win32
		{CC7FBD97-FD4B-459F-8C7F-3587E5B0F903}.Release|Win32.Build.0 = Release|Win32
		{CC7FBD97-FD4B-459F-8C7F-3587E5B0F903}.Release|x64.ActiveCfg = Release|x64
		{CC7FBD97-FD4B-459F-8C7F-3587E5B0F903}.Release|x64.Build.0 = Release|x64
		{9C7E8F73-8843-4342-893D-9E8FD495EB3A}.Debug|Win32.ActiveCfg = Debug|Win32
		{9C7E8F73-8843-4342-893D-9E8FD495EB3A}.Debug|Win32.Build.0 = Debug|Win32
		{9C7E8F73-8843-4342-893D-9E8FD495EB3A}.Debug|x64.ActiveCfg = Debug|x64
		{9C7E8F73-8843-4342-893D-9E8FD495EB3A}.Debug|x64.Build.0 = Debug|x64
		{9C7E8F73-8843-4342-893D-9E8FD495EB3A}.Release|Win32.ActiveCfg = Release|Win32
		{9C7E8F73-8843-4342-893D-9E8FD495EB3A}.Release|Win32.Build.0 = Release|Win32
		{9C7E8F73-8843-4342-893D-9E8FD495EB3A}.Release|x64.ActiveCfg = Release|x64
		{9C7E8F73-8843-4342-893D-9E8FD495EB3A}.Release|x64.Build.0 = Release|x64
		{C9E12F7B-0257-48D7-B467-CDE69054BD9D}.Debug|Win32.ActiveCfg = Debug|Win32
		{C9E12F7B-0257-48D7-B467-CDE69054BD9D}.Debug|Win32.Build.0 = Debug|Win32
		{C9E12F7B-0257-48D7-B467-CDE69054BD9D}.Debug|x64.ActiveCfg = Debug|x64
		{C9E12F7B-0257-48D7-B467-CDE69054BD9D}.Debug|x64.Build.0 = Debug|x64
		{C9E12F7B-0257-48D7-B467-CDE69054BD9D}.Release|Win32.ActiveCfg = Release|Win32
		{C9E12F7B-0257-48D7-B467-CDE69054BD9D}.Release|Win32.Build.0 = Release|Win32
		{C9E12F7B-0257-48D7-B467-CDE69054BD9D}.Release|x64.ActiveCfg = Release|x64
		{C9E12F7B-0257-48D7-B467-CDE69054BD9D}.Release|x64.Build.0 = Release|x64
		{44DC97B3-8412-435B-9A4D-94EE1D8F4DAE}.Debug|Win32.ActiveCfg = Debug|Win32
		{44DC97B3-8412-435B-9A4D-94EE1D8F4DAE}.Debug|Win32.Build.0 = Debug|Win32
		{44DC97B3-8412-435B-9A4D-94EE1D8F4DAE}.Debug|x64.ActiveCfg = Debug|x64
		{44DC97B3-8412-435B-9A4D-94EE1D8F4DAE}.Debug|x64.Build.0 = Debug|x64
		{44DC97B3-8412-435B-9A4D-94EE1D8F4DAE}.Release|Win32.ActiveCfg = Release|Win32
		{44DC97B3-8412-435B-9A4D-94EE1D8F4DAE}.Release|Win32.Build.0 = Release|Win32
		{44DC97B3-8412-435B-9A4D-94EE1D8F4DAE}.Release|x64.ActiveCfg = Release|x64
		{44DC97B3-8412-435B-9A4D-94EE1D8F4DAE}.Release|x64.Build.0 = Release|x64
		{F6AA7642-7315-4DF8-A1A7-6FB3F63DFD01}.Debug|Win32.ActiveCfg = Debug|Win32
		{F6AA7642-7315-4DF8-A1A7-6FB3F63DFD01}.Debug|Win32.Build.0 = Debug|Win32
		{F6AA7642-7315-4DF8-A1A7-6FB3F63DFD01}.Debug|x64.ActiveCfg = Debug|x64
		{F6AA7642-7315-4DF8-A1A7-6FB3F63DFD01}.Debug|x64.Build.0 = Debug|x64
		{F6AA7642-7315-4DF8-A1A7-6FB3F63DFD01}.Release|Win32.ActiveCfg = Release|Win32
		{F6AA7642-7315-4DF8-A1A7-6FB3F63DFD01}.Release|Win32.Build.0 = Release|Win32
		{F6AA7642-7315-4DF8-A1A7-6FB3F63DFD01}.Release|x64.ActiveCfg = Release|x64
		{F6AA7642-7315-4DF8-A1A7-6FB3F63DFD01}.Release|x64.Build.0 = Release|x64
		{58D5D2A3-9325-4C90-8BDC-B8EA4D98BE09}.Debug|Win32.ActiveCfg = Debug|Win32
		{58D5D2A3-9325-4C90-8BDC-B8EA4D98BE09}.Debug|Win32.Build.0 = Debug|Win32
		{58D5D2A3-9325-4C90-8BDC-B8EA4D98BE09}.Debug|x64.ActiveCfg = Debug|x64
		{58D5D2A3-9325-4C90-8BDC-B8EA4D98BE09}.Debug|x64.Build.0 = Debug|x64
		{58D5D2A3-9325-4C90-8BDC-B8EA4D98BE09}.Release|Win32.ActiveCfg = Release|Win32
		{58D5D2A3-9325-4C90-8BDC-B8EA4D98BE09}.Release|Win32.Build.0 = Release|Win32
		{58D5D2A3-9325-4C90-8BDC-B8EA4D98BE09}.Release|x64.ActiveCfg = Release|x64
		{58D5D2A3-9325-4C90-8BDC-B8EA4D98BE09}.Release|x64.Build.0 = Release|x64
		{1DD97052-AF85-4507-AE0F-EAC5D941797D}.Debug|Win32.ActiveCfg = Debug|Win32
		{1DD97052-AF85-4507-AE0F-EAC5D941797D}.Debug|Win32.Build.0 = Debug|Win32
		{1DD97052-AF85-4507-AE0F-EAC5D941797D}.Debug|x64.ActiveCfg = Debug|x64
		{1DD97052-AF85-4507-AE0F-EAC5D941797D}.Debug|x64.Build.0 = Debug|x64
		{1DD97052-AF85-4507-AE0F-EAC5D941797D}.Release|Win32.ActiveCfg = Release|Win32
		{1DD97052-AF85-4507-AE0F-EAC5D941797D}.Release|Win32.Build.0 = Release|Win32
		{1DD97052-AF85-4507-AE0F-EAC5D941797D}.Release|x64.ActiveCfg = Release|x64
		{1DD97052-AF85-4507-AE0F-EAC5D941797D}.Release|x64.Build.0 = Release|x64
	EndGlobalSection
EndGlobal
